
Microsoft Visual Studio Solution File, Format Version 12.00
# Visual Studio 15
Project("{FAE04EC0-301F-11D3-BF4B-00C04F79EFBC}") = "ORMFramework", "ORMFramework\ORMFramework.csproj", "{811E7904-9055-4010-82FB-8B6856C10455}"
EndProject
Project("{FAE04EC0-301F-11D3-BF4B-00C04F79EFBC}") = "ORMFramework.Examples", "ORMFramework.Examples\ORMFramework.Examples.csproj", "{B2782A87-32C5-47E3-8375-8007A0BEB5D8}"
EndProject
Project("{FAE04EC0-301F-11D3-BF4B-00C04F79EFBC}") = "ORMFramework.Test", "ORMFramework.Test\ORMFramework.Test.csproj", "{B3072B34-C105-44F9-B8E0-34A397F79838}"
EndProject
Global
	GlobalSection(SolutionConfigurationPlatforms) = preSolution
		Debug|Any CPU = Debug|Any CPU
		Release|Any CPU = Release|Any CPU
	EndGlobalSection
	GlobalSection(ProjectConfigurationPlatforms) = postSolution
		{811E7904-9055-4010-82FB-8B6856C10455}.Debug|Any CPU.ActiveCfg = Debug|Any CPU
		{811E7904-9055-4010-82FB-8B6856C10455}.Debug|Any CPU.Build.0 = Debug|Any CPU
		{811E7904-9055-4010-82FB-8B6856C10455}.Release|Any CPU.ActiveCfg = Release|Any CPU
		{811E7904-9055-4010-82FB-8B6856C10455}.Release|Any CPU.Build.0 = Release|Any CPU
		{B2782A87-32C5-47E3-8375-8007A0BEB5D8}.Debug|Any CPU.ActiveCfg = Debug|Any CPU
		{B2782A87-32C5-47E3-8375-8007A0BEB5D8}.Debug|Any CPU.Build.0 = Debug|Any CPU
		{B2782A87-32C5-47E3-8375-8007A0BEB5D8}.Release|Any CPU.ActiveCfg = Release|Any CPU
		{B2782A87-32C5-47E3-8375-8007A0BEB5D8}.Release|Any CPU.Build.0 = Release|Any CPU
		{B3072B34-C105-44F9-B8E0-34A397F79838}.Debug|Any CPU.ActiveCfg = Debug|Any CPU
		{B3072B34-C105-44F9-B8E0-34A397F79838}.Debug|Any CPU.Build.0 = Debug|Any CPU
		{B3072B34-C105-44F9-B8E0-34A397F79838}.Release|Any CPU.ActiveCfg = Release|Any CPU
		{B3072B34-C105-44F9-B8E0-34A397F79838}.Release|Any CPU.Build.0 = Release|Any CPU
	EndGlobalSection
	GlobalSection(MonoDevelopProperties) = preSolution
		Policies = $0
		$0.DotNetNamingPolicy = $1
		$1.DirectoryNamespaceAssociation = PrefixedHierarchical
	EndGlobalSection
EndGlobal
